// !$*UTF8*$!
{
	archiveVersion = 1;
	classes = {
	};
	objectVersion = 77;
	objects = {

/* Begin PBXBuildFile section */
		C585ACAB2EA42E51005D022E /* FirebaseAnalytics in Frameworks */ = {isa = PBXBuildFile; productRef = C585ACAA2EA42E51005D022E /* FirebaseAnalytics */; };
		C585ACAD2EA42E51005D022E /* FirebaseAnalyticsCore in Frameworks */ = {isa = PBXBuildFile; productRef = C585ACAC2EA42E51005D022E /* FirebaseAnalyticsCore */; };
		C585ACAF2EA42E51005D022E /* FirebaseAuth in Frameworks */ = {isa = PBXBuildFile; productRef = C585ACAE2EA42E51005D022E /* FirebaseAuth */; };
		C585ACB12EA42E51005D022E /* FirebaseCore in Frameworks */ = {isa = PBXBuildFile; productRef = C585ACB02EA42E51005D022E /* FirebaseCore */; };
		C585ACB32EA42E51005D022E /* FirebaseDatabase in Frameworks */ = {isa = PBXBuildFile; productRef = C585ACB22EA42E51005D022E /* FirebaseDatabase */; };
/* End PBXBuildFile section */

/* Begin PBXContainerItemProxy section */
		D95F362A2EA3439500617AE2 /* PBXContainerItemProxy */ = {
			isa = PBXContainerItemProxy;
			containerPortal = D95F36142EA3439300617AE2 /* Project object */;
			proxyType = 1;
			remoteGlobalIDString = D95F361B2EA3439300617AE2;
			remoteInfo = Sprint3Prototype;
		};
		D95F36342EA3439500617AE2 /* PBXContainerItemProxy */ = {
			isa = PBXContainerItemProxy;
			containerPortal = D95F36142EA3439300617AE2 /* Project object */;
			proxyType = 1;
			remoteGlobalIDString = D95F361B2EA3439300617AE2;
			remoteInfo = Sprint3Prototype;
		};
/* End PBXContainerItemProxy section */

/* Begin PBXFileReference section */
		D95F361C2EA3439300617AE2 /* Forked.app */ = {isa = PBXFileReference; explicitFileType = wrapper.application; includeInIndex = 0; path = Forked.app; sourceTree = BUILT_PRODUCTS_DIR; };
		D95F36292EA3439500617AE2 /* ForkedTests.xctest */ = {isa = PBXFileReference; explicitFileType = wrapper.cfbundle; includeInIndex = 0; path = ForkedTests.xctest; sourceTree = BUILT_PRODUCTS_DIR; };
		D95F36332EA3439500617AE2 /* ForkedUITests.xctest */ = {isa = PBXFileReference; explicitFileType = wrapper.cfbundle; includeInIndex = 0; path = ForkedUITests.xctest; sourceTree = BUILT_PRODUCTS_DIR; };
/* End PBXFileReference section */

/* Begin PBXFileSystemSynchronizedRootGroup section */
		D95F361E2EA3439300617AE2 /* Sprint3Prototype */ = {
			isa = PBXFileSystemSynchronizedRootGroup;
			path = Sprint3Prototype;
			sourceTree = "<group>";
		};
		D95F362C2EA3439500617AE2 /* Sprint3PrototypeTests */ = {
			isa = PBXFileSystemSynchronizedRootGroup;
			path = Sprint3PrototypeTests;
			sourceTree = "<group>";
		};
		D95F36362EA3439500617AE2 /* Sprint3PrototypeUITests */ = {
			isa = PBXFileSystemSynchronizedRootGroup;
			path = Sprint3PrototypeUITests;
			sourceTree = "<group>";
		};
/* End PBXFileSystemSynchronizedRootGroup section */

/* Begin PBXFrameworksBuildPhase section */
		D95F36192EA3439300617AE2 /* Frameworks */ = {
			isa = PBXFrameworksBuildPhase;
			buildActionMask = 2147483647;
			files = (
				C585ACB32EA42E51005D022E /* FirebaseDatabase in Frameworks */,
				C585ACAB2EA42E51005D022E /* FirebaseAnalytics in Frameworks */,
				C585ACAF2EA42E51005D022E /* FirebaseAuth in Frameworks */,
				C585ACB12EA42E51005D022E /* FirebaseCore in Frameworks */,
				C585ACAD2EA42E51005D022E /* FirebaseAnalyticsCore in Frameworks */,
			);
			runOnlyForDeploymentPostprocessing = 0;
		};
		D95F36262EA3439500617AE2 /* Frameworks */ = {
			isa = PBXFrameworksBuildPhase;
			buildActionMask = 2147483647;
			files = (
			);
			runOnlyForDeploymentPostprocessing = 0;
		};
		D95F36302EA3439500617AE2 /* Frameworks */ = {
			isa = PBXFrameworksBuildPhase;
			buildActionMask = 2147483647;
			files = (
			);
			runOnlyForDeploymentPostprocessing = 0;
		};
/* End PBXFrameworksBuildPhase section */

/* Begin PBXGroup section */
		D95F36132EA3439300617AE2 = {
			isa = PBXGroup;
			children = (
				D95F361E2EA3439300617AE2 /* Sprint3Prototype */,
				D95F362C2EA3439500617AE2 /* Sprint3PrototypeTests */,
				D95F36362EA3439500617AE2 /* Sprint3PrototypeUITests */,
				D95F361D2EA3439300617AE2 /* Products */,
			);
			sourceTree = "<group>";
		};
		D95F361D2EA3439300617AE2 /* Products */ = {
			isa = PBXGroup;
			children = (
				D95F361C2EA3439300617AE2 /* Forked.app */,
				D95F36292EA3439500617AE2 /* ForkedTests.xctest */,
				D95F36332EA3439500617AE2 /* ForkedUITests.xctest */,
			);
			name = Products;
			sourceTree = "<group>";
		};
/* End PBXGroup section */

/* Begin PBXNativeTarget section */
		D95F361B2EA3439300617AE2 /* Forked */ = {
			isa = PBXNativeTarget;
			buildConfigurationList = D95F363D2EA3439500617AE2 /* Build configuration list for PBXNativeTarget "Forked" */;
			buildPhases = (
				D95F36182EA3439300617AE2 /* Sources */,
				D95F36192EA3439300617AE2 /* Frameworks */,
				D95F361A2EA3439300617AE2 /* Resources */,
			);
			buildRules = (
			);
			dependencies = (
			);
			fileSystemSynchronizedGroups = (
				D95F361E2EA3439300617AE2 /* Sprint3Prototype */,
			);
			name = Forked;
			packageProductDependencies = (
				C585ACAA2EA42E51005D022E /* FirebaseAnalytics */,
				C585ACAC2EA42E51005D022E /* FirebaseAnalyticsCore */,
				C585ACAE2EA42E51005D022E /* FirebaseAuth */,
				C585ACB02EA42E51005D022E /* FirebaseCore */,
				C585ACB22EA42E51005D022E /* FirebaseDatabase */,
			);
			productName = Sprint3Prototype;
			productReference = D95F361C2EA3439300617AE2 /* Forked.app */;
			productType = "com.apple.product-type.application";
		};
		D95F36282EA3439500617AE2 /* ForkedTests */ = {
			isa = PBXNativeTarget;
			buildConfigurationList = D95F36402EA3439500617AE2 /* Build configuration list for PBXNativeTarget "ForkedTests" */;
			buildPhases = (
				D95F36252EA3439500617AE2 /* Sources */,
				D95F36262EA3439500617AE2 /* Frameworks */,
				D95F36272EA3439500617AE2 /* Resources */,
			);
			buildRules = (
			);
			dependencies = (
				D95F362B2EA3439500617AE2 /* PBXTargetDependency */,
			);
			fileSystemSynchronizedGroups = (
				D95F362C2EA3439500617AE2 /* Sprint3PrototypeTests */,
			);
			name = ForkedTests;
			packageProductDependencies = (
			);
			productName = Sprint3PrototypeTests;
			productReference = D95F36292EA3439500617AE2 /* ForkedTests.xctest */;
			productType = "com.apple.product-type.bundle.unit-test";
		};
		D95F36322EA3439500617AE2 /* ForkedUITests */ = {
			isa = PBXNativeTarget;
			buildConfigurationList = D95F36432EA3439500617AE2 /* Build configuration list for PBXNativeTarget "ForkedUITests" */;
			buildPhases = (
				D95F362F2EA3439500617AE2 /* Sources */,
				D95F36302EA3439500617AE2 /* Frameworks */,
				D95F36312EA3439500617AE2 /* Resources */,
			);
			buildRules = (
			);
			dependencies = (
				D95F36352EA3439500617AE2 /* PBXTargetDependency */,
			);
			fileSystemSynchronizedGroups = (
				D95F36362EA3439500617AE2 /* Sprint3PrototypeUITests */,
			);
			name = ForkedUITests;
			packageProductDependencies = (
			);
			productName = Sprint3PrototypeUITests;
			productReference = D95F36332EA3439500617AE2 /* ForkedUITests.xctest */;
			productType = "com.apple.product-type.bundle.ui-testing";
		};
/* End PBXNativeTarget section */

/* Begin PBXProject section */
		D95F36142EA3439300617AE2 /* Project object */ = {
			isa = PBXProject;
			attributes = {
				BuildIndependentTargetsInParallel = 1;
				LastSwiftUpdateCheck = 1640;
				LastUpgradeCheck = 1640;
				TargetAttributes = {
					D95F361B2EA3439300617AE2 = {
						CreatedOnToolsVersion = 16.4;
					};
					D95F36282EA3439500617AE2 = {
						CreatedOnToolsVersion = 16.4;
						TestTargetID = D95F361B2EA3439300617AE2;
					};
					D95F36322EA3439500617AE2 = {
						CreatedOnToolsVersion = 16.4;
						TestTargetID = D95F361B2EA3439300617AE2;
					};
				};
			};
			buildConfigurationList = D95F36172EA3439300617AE2 /* Build configuration list for PBXProject "Forked" */;
			developmentRegion = en;
			hasScannedForEncodings = 0;
			knownRegions = (
				en,
				Base,
			);
			mainGroup = D95F36132EA3439300617AE2;
			minimizedProjectReferenceProxies = 1;
			packageReferences = (
				C585ACA92EA42E51005D022E /* XCRemoteSwiftPackageReference "firebase-ios-sdk" */,
			);
			preferredProjectObjectVersion = 77;
			productRefGroup = D95F361D2EA3439300617AE2 /* Products */;
			projectDirPath = "";
			projectRoot = "";
			targets = (
				D95F361B2EA3439300617AE2 /* Forked */,
				D95F36282EA3439500617AE2 /* ForkedTests */,
				D95F36322EA3439500617AE2 /* ForkedUITests */,
			);
		};
/* End PBXProject section */

/* Begin PBXResourcesBuildPhase section */
		D95F361A2EA3439300617AE2 /* Resources */ = {
			isa = PBXResourcesBuildPhase;
			buildActionMask = 2147483647;
			files = (
			);
			runOnlyForDeploymentPostprocessing = 0;
		};
		D95F36272EA3439500617AE2 /* Resources */ = {
			isa = PBXResourcesBuildPhase;
			buildActionMask = 2147483647;
			files = (
			);
			runOnlyForDeploymentPostprocessing = 0;
		};
		D95F36312EA3439500617AE2 /* Resources */ = {
			isa = PBXResourcesBuildPhase;
			buildActionMask = 2147483647;
			files = (
			);
			runOnlyForDeploymentPostprocessing = 0;
		};
/* End PBXResourcesBuildPhase section */

/* Begin PBXSourcesBuildPhase section */
		D95F36182EA3439300617AE2 /* Sources */ = {
			isa = PBXSourcesBuildPhase;
			buildActionMask = 2147483647;
			files = (
			);
			runOnlyForDeploymentPostprocessing = 0;
		};
		D95F36252EA3439500617AE2 /* Sources */ = {
			isa = PBXSourcesBuildPhase;
			buildActionMask = 2147483647;
			files = (
			);
			runOnlyForDeploymentPostprocessing = 0;
		};
		D95F362F2EA3439500617AE2 /* Sources */ = {
			isa = PBXSourcesBuildPhase;
			buildActionMask = 2147483647;
			files = (
			);
			runOnlyForDeploymentPostprocessing = 0;
		};
/* End PBXSourcesBuildPhase section */

/* Begin PBXTargetDependency section */
		D95F362B2EA3439500617AE2 /* PBXTargetDependency */ = {
			isa = PBXTargetDependency;
			target = D95F361B2EA3439300617AE2 /* Forked */;
			targetProxy = D95F362A2EA3439500617AE2 /* PBXContainerItemProxy */;
		};
		D95F36352EA3439500617AE2 /* PBXTargetDependency */ = {
			isa = PBXTargetDependency;
			target = D95F361B2EA3439300617AE2 /* Forked */;
			targetProxy = D95F36342EA3439500617AE2 /* PBXContainerItemProxy */;
		};
/* End PBXTargetDependency section */

/* Begin XCBuildConfiguration section */
		D95F363B2EA3439500617AE2 /* Debug */ = {
			isa = XCBuildConfiguration;
			buildSettings = {
				ALWAYS_SEARCH_USER_PATHS = NO;
				ASSETCATALOG_COMPILER_GENERATE_SWIFT_ASSET_SYMBOL_EXTENSIONS = YES;
				CLANG_ANALYZER_NONNULL = YES;
				CLANG_ANALYZER_NUMBER_OBJECT_CONVERSION = YES_AGGRESSIVE;
				CLANG_CXX_LANGUAGE_STANDARD = "gnu++20";
				CLANG_ENABLE_MODULES = YES;
				CLANG_ENABLE_OBJC_ARC = YES;
				CLANG_ENABLE_OBJC_WEAK = YES;
				CLANG_WARN_BLOCK_CAPTURE_AUTORELEASING = YES;
				CLANG_WARN_BOOL_CONVERSION = YES;
				CLANG_WARN_COMMA = YES;
				CLANG_WARN_CONSTANT_CONVERSION = YES;
				CLANG_WARN_DEPRECATED_OBJC_IMPLEMENTATIONS = YES;
				CLANG_WARN_DIRECT_OBJC_ISA_USAGE = YES_ERROR;
				CLANG_WARN_DOCUMENTATION_COMMENTS = YES;
				CLANG_WARN_EMPTY_BODY = YES;
				CLANG_WARN_ENUM_CONVERSION = YES;
				CLANG_WARN_INFINITE_RECURSION = YES;
				CLANG_WARN_INT_CONVERSION = YES;
				CLANG_WARN_NON_LITERAL_NULL_CONVERSION = YES;
				CLANG_WARN_OBJC_IMPLICIT_RETAIN_SELF = YES;
				CLANG_WARN_OBJC_LITERAL_CONVERSION = YES;
				CLANG_WARN_OBJC_ROOT_CLASS = YES_ERROR;
				CLANG_WARN_QUOTED_INCLUDE_IN_FRAMEWORK_HEADER = YES;
				CLANG_WARN_RANGE_LOOP_ANALYSIS = YES;
				CLANG_WARN_STRICT_PROTOTYPES = YES;
				CLANG_WARN_SUSPICIOUS_MOVE = YES;
				CLANG_WARN_UNGUARDED_AVAILABILITY = YES_AGGRESSIVE;
				CLANG_WARN_UNREACHABLE_CODE = YES;
				CLANG_WARN__DUPLICATE_METHOD_MATCH = YES;
				COPY_PHASE_STRIP = NO;
				DEBUG_INFORMATION_FORMAT = dwarf;
				ENABLE_STRICT_OBJC_MSGSEND = YES;
				ENABLE_TESTABILITY = YES;
				ENABLE_USER_SCRIPT_SANDBOXING = YES;
				GCC_C_LANGUAGE_STANDARD = gnu17;
				GCC_DYNAMIC_NO_PIC = NO;
				GCC_NO_COMMON_BLOCKS = YES;
				GCC_OPTIMIZATION_LEVEL = 0;
				GCC_PREPROCESSOR_DEFINITIONS = (
					"DEBUG=1",
					"$(inherited)",
				);
				GCC_WARN_64_TO_32_BIT_CONVERSION = YES;
				GCC_WARN_ABOUT_RETURN_TYPE = YES_ERROR;
				GCC_WARN_UNDECLARED_SELECTOR = YES;
				GCC_WARN_UNINITIALIZED_AUTOS = YES_AGGRESSIVE;
				GCC_WARN_UNUSED_FUNCTION = YES;
				GCC_WARN_UNUSED_VARIABLE = YES;
				IPHONEOS_DEPLOYMENT_TARGET = 18.5;
				LOCALIZATION_PREFERS_STRING_CATALOGS = YES;
				MTL_ENABLE_DEBUG_INFO = INCLUDE_SOURCE;
				MTL_FAST_MATH = YES;
				ONLY_ACTIVE_ARCH = YES;
				SDKROOT = iphoneos;
				SWIFT_ACTIVE_COMPILATION_CONDITIONS = "DEBUG $(inherited)";
				SWIFT_OPTIMIZATION_LEVEL = "-Onone";
			};
			name = Debug;
		};
		D95F363C2EA3439500617AE2 /* Release */ = {
			isa = XCBuildConfiguration;
			buildSettings = {
				ALWAYS_SEARCH_USER_PATHS = NO;
				ASSETCATALOG_COMPILER_GENERATE_SWIFT_ASSET_SYMBOL_EXTENSIONS = YES;
				CLANG_ANALYZER_NONNULL = YES;
				CLANG_ANALYZER_NUMBER_OBJECT_CONVERSION = YES_AGGRESSIVE;
				CLANG_CXX_LANGUAGE_STANDARD = "gnu++20";
				CLANG_ENABLE_MODULES = YES;
				CLANG_ENABLE_OBJC_ARC = YES;
				CLANG_ENABLE_OBJC_WEAK = YES;
				CLANG_WARN_BLOCK_CAPTURE_AUTORELEASING = YES;
				CLANG_WARN_BOOL_CONVERSION = YES;
				CLANG_WARN_COMMA = YES;
				CLANG_WARN_CONSTANT_CONVERSION = YES;
				CLANG_WARN_DEPRECATED_OBJC_IMPLEMENTATIONS = YES;
				CLANG_WARN_DIRECT_OBJC_ISA_USAGE = YES_ERROR;
				CLANG_WARN_DOCUMENTATION_COMMENTS = YES;
				CLANG_WARN_EMPTY_BODY = YES;
				CLANG_WARN_ENUM_CONVERSION = YES;
				CLANG_WARN_INFINITE_RECURSION = YES;
				CLANG_WARN_INT_CONVERSION = YES;
				CLANG_WARN_NON_LITERAL_NULL_CONVERSION = YES;
				CLANG_WARN_OBJC_IMPLICIT_RETAIN_SELF = YES;
				CLANG_WARN_OBJC_LITERAL_CONVERSION = YES;
				CLANG_WARN_OBJC_ROOT_CLASS = YES_ERROR;
				CLANG_WARN_QUOTED_INCLUDE_IN_FRAMEWORK_HEADER = YES;
				CLANG_WARN_RANGE_LOOP_ANALYSIS = YES;
				CLANG_WARN_STRICT_PROTOTYPES = YES;
				CLANG_WARN_SUSPICIOUS_MOVE = YES;
				CLANG_WARN_UNGUARDED_AVAILABILITY = YES_AGGRESSIVE;
				CLANG_WARN_UNREACHABLE_CODE = YES;
				CLANG_WARN__DUPLICATE_METHOD_MATCH = YES;
				COPY_PHASE_STRIP = NO;
				DEBUG_INFORMATION_FORMAT = "dwarf-with-dsym";
				ENABLE_NS_ASSERTIONS = NO;
				ENABLE_STRICT_OBJC_MSGSEND = YES;
				ENABLE_USER_SCRIPT_SANDBOXING = YES;
				GCC_C_LANGUAGE_STANDARD = gnu17;
				GCC_NO_COMMON_BLOCKS = YES;
				GCC_WARN_64_TO_32_BIT_CONVERSION = YES;
				GCC_WARN_ABOUT_RETURN_TYPE = YES_ERROR;
				GCC_WARN_UNDECLARED_SELECTOR = YES;
				GCC_WARN_UNINITIALIZED_AUTOS = YES_AGGRESSIVE;
				GCC_WARN_UNUSED_FUNCTION = YES;
				GCC_WARN_UNUSED_VARIABLE = YES;
				IPHONEOS_DEPLOYMENT_TARGET = 18.5;
				LOCALIZATION_PREFERS_STRING_CATALOGS = YES;
				MTL_ENABLE_DEBUG_INFO = NO;
				MTL_FAST_MATH = YES;
				SDKROOT = iphoneos;
				SWIFT_COMPILATION_MODE = wholemodule;
				VALIDATE_PRODUCT = YES;
			};
			name = Release;
		};
		D95F363E2EA3439500617AE2 /* Debug */ = {
			isa = XCBuildConfiguration;
			buildSettings = {
				ASSETCATALOG_COMPILER_APPICON_NAME = AppIcon;
				ASSETCATALOG_COMPILER_GLOBAL_ACCENT_COLOR_NAME = AccentColor;
				CODE_SIGN_STYLE = Automatic;
				CURRENT_PROJECT_VERSION = 1;
				DEVELOPMENT_TEAM = MZZKFWXTLQ;
				ENABLE_PREVIEWS = YES;
				GENERATE_INFOPLIST_FILE = YES;
				INFOPLIST_KEY_LSApplicationCategoryType = "public.app-category.food-and-drink";
				INFOPLIST_KEY_UIApplicationSceneManifest_Generation = YES;
				INFOPLIST_KEY_UIApplicationSupportsIndirectInputEvents = YES;
				INFOPLIST_KEY_UILaunchScreen_Generation = YES;
				INFOPLIST_KEY_UISupportedInterfaceOrientations_iPad = "UIInterfaceOrientationPortrait UIInterfaceOrientationPortraitUpsideDown UIInterfaceOrientationLandscapeLeft UIInterfaceOrientationLandscapeRight";
				INFOPLIST_KEY_UISupportedInterfaceOrientations_iPhone = "UIInterfaceOrientationPortrait UIInterfaceOrientationLandscapeLeft UIInterfaceOrientationLandscapeRight";
				LD_RUNPATH_SEARCH_PATHS = (
					"$(inherited)",
					"@executable_path/Frameworks",
				);
				MARKETING_VERSION = 1.0;
				PRODUCT_BUNDLE_IDENTIFIER = com.BigBacks.Forkd;
				PRODUCT_NAME = "$(TARGET_NAME)";
				SWIFT_EMIT_LOC_STRINGS = YES;
				SWIFT_VERSION = 5.0;
				TARGETED_DEVICE_FAMILY = "1,2";
			};
			name = Debug;
		};
		D95F363F2EA3439500617AE2 /* Release */ = {
			isa = XCBuildConfiguration;
			buildSettings = {
				ASSETCATALOG_COMPILER_APPICON_NAME = AppIcon;
				ASSETCATALOG_COMPILER_GLOBAL_ACCENT_COLOR_NAME = AccentColor;
				CODE_SIGN_STYLE = Automatic;
				CURRENT_PROJECT_VERSION = 1;
				DEVELOPMENT_TEAM = MZZKFWXTLQ;
				ENABLE_PREVIEWS = YES;
				GENERATE_INFOPLIST_FILE = YES;
				INFOPLIST_KEY_LSApplicationCategoryType = "public.app-category.food-and-drink";
				INFOPLIST_KEY_UIApplicationSceneManifest_Generation = YES;
				INFOPLIST_KEY_UIApplicationSupportsIndirectInputEvents = YES;
				INFOPLIST_KEY_UILaunchScreen_Generation = YES;
				INFOPLIST_KEY_UISupportedInterfaceOrientations_iPad = "UIInterfaceOrientationPortrait UIInterfaceOrientationPortraitUpsideDown UIInterfaceOrientationLandscapeLeft UIInterfaceOrientationLandscapeRight";
				INFOPLIST_KEY_UISupportedInterfaceOrientations_iPhone = "UIInterfaceOrientationPortrait UIInterfaceOrientationLandscapeLeft UIInterfaceOrientationLandscapeRight";
				LD_RUNPATH_SEARCH_PATHS = (
					"$(inherited)",
					"@executable_path/Frameworks",
				);
				MARKETING_VERSION = 1.0;
				PRODUCT_BUNDLE_IDENTIFIER = com.BigBacks.Forkd;
				PRODUCT_NAME = "$(TARGET_NAME)";
				SWIFT_EMIT_LOC_STRINGS = YES;
				SWIFT_VERSION = 5.0;
				TARGETED_DEVICE_FAMILY = "1,2";
			};
			name = Release;
		};
		D95F36412EA3439500617AE2 /* Debug */ = {
			isa = XCBuildConfiguration;
			buildSettings = {
				BUNDLE_LOADER = "$(TEST_HOST)";
				CODE_SIGN_STYLE = Automatic;
				CURRENT_PROJECT_VERSION = 1;
				GENERATE_INFOPLIST_FILE = YES;
				IPHONEOS_DEPLOYMENT_TARGET = 18.5;
				MARKETING_VERSION = 1.0;
				PRODUCT_BUNDLE_IDENTIFIER = Zhi.Sprint3PrototypeTests;
				PRODUCT_NAME = "$(TARGET_NAME)";
				SWIFT_EMIT_LOC_STRINGS = NO;
				SWIFT_VERSION = 5.0;
				TARGETED_DEVICE_FAMILY = "1,2";
				TEST_HOST = "$(BUILT_PRODUCTS_DIR)/Forked.app/$(BUNDLE_EXECUTABLE_FOLDER_PATH)/Forked";
			};
			name = Debug;
		};
		D95F36422EA3439500617AE2 /* Release */ = {
			isa = XCBuildConfiguration;
			buildSettings = {
				BUNDLE_LOADER = "$(TEST_HOST)";
				CODE_SIGN_STYLE = Automatic;
				CURRENT_PROJECT_VERSION = 1;
				GENERATE_INFOPLIST_FILE = YES;
				IPHONEOS_DEPLOYMENT_TARGET = 18.5;
				MARKETING_VERSION = 1.0;
				PRODUCT_BUNDLE_IDENTIFIER = Zhi.Sprint3PrototypeTests;
				PRODUCT_NAME = "$(TARGET_NAME)";
				SWIFT_EMIT_LOC_STRINGS = NO;
				SWIFT_VERSION = 5.0;
				TARGETED_DEVICE_FAMILY = "1,2";
				TEST_HOST = "$(BUILT_PRODUCTS_DIR)/Forked.app/$(BUNDLE_EXECUTABLE_FOLDER_PATH)/Forked";
			};
			name = Release;
		};
		D95F36442EA3439500617AE2 /* Debug */ = {
			isa = XCBuildConfiguration;
			buildSettings = {
				CODE_SIGN_STYLE = Automatic;
				CURRENT_PROJECT_VERSION = 1;
				GENERATE_INFOPLIST_FILE = YES;
				MARKETING_VERSION = 1.0;
				PRODUCT_BUNDLE_IDENTIFIER = Zhi.Sprint3PrototypeUITests;
				PRODUCT_NAME = "$(TARGET_NAME)";
				SWIFT_EMIT_LOC_STRINGS = NO;
				SWIFT_VERSION = 5.0;
				TARGETED_DEVICE_FAMILY = "1,2";
				TEST_TARGET_NAME = Sprint3Prototype;
			};
			name = Debug;
		};
		D95F36452EA3439500617AE2 /* Release */ = {
			isa = XCBuildConfiguration;
			buildSettings = {
				CODE_SIGN_STYLE = Automatic;
				CURRENT_PROJECT_VERSION = 1;
				GENERATE_INFOPLIST_FILE = YES;
				MARKETING_VERSION = 1.0;
				PRODUCT_BUNDLE_IDENTIFIER = Zhi.Sprint3PrototypeUITests;
				PRODUCT_NAME = "$(TARGET_NAME)";
				SWIFT_EMIT_LOC_STRINGS = NO;
				SWIFT_VERSION = 5.0;
				TARGETED_DEVICE_FAMILY = "1,2";
				TEST_TARGET_NAME = Sprint3Prototype;
			};
			name = Release;
		};
/* End XCBuildConfiguration section */

/* Begin XCConfigurationList section */
		D95F36172EA3439300617AE2 /* Build configuration list for PBXProject "Forked" */ = {
			isa = XCConfigurationList;
			buildConfigurations = (
				D95F363B2EA3439500617AE2 /* Debug */,
				D95F363C2EA3439500617AE2 /* Release */,
			);
			defaultConfigurationIsVisible = 0;
			defaultConfigurationName = Release;
		};
		D95F363D2EA3439500617AE2 /* Build configuration list for PBXNativeTarget "Forked" */ = {
			isa = XCConfigurationList;
			buildConfigurations = (
				D95F363E2EA3439500617AE2 /* Debug */,
				D95F363F2EA3439500617AE2 /* Release */,
			);
			defaultConfigurationIsVisible = 0;
			defaultConfigurationName = Release;
		};
		D95F36402EA3439500617AE2 /* Build configuration list for PBXNativeTarget "ForkedTests" */ = {
			isa = XCConfigurationList;
			buildConfigurations = (
				D95F36412EA3439500617AE2 /* Debug */,
				D95F36422EA3439500617AE2 /* Release */,
			);
			defaultConfigurationIsVisible = 0;
			defaultConfigurationName = Release;
		};
		D95F36432EA3439500617AE2 /* Build configuration list for PBXNativeTarget "ForkedUITests" */ = {
			isa = XCConfigurationList;
			buildConfigurations = (
				D95F36442EA3439500617AE2 /* Debug */,
				D95F36452EA3439500617AE2 /* Release */,
			);
			defaultConfigurationIsVisible = 0;
			defaultConfigurationName = Release;
		};
/* End XCConfigurationList section */

/* Begin XCRemoteSwiftPackageReference section */
		C585ACA92EA42E51005D022E /* XCRemoteSwiftPackageReference "firebase-ios-sdk" */ = {
			isa = XCRemoteSwiftPackageReference;
			repositoryURL = "https://github.com/firebase/firebase-ios-sdk";
			requirement = {
				kind = upToNextMajorVersion;
				minimumVersion = 12.4.0;
			};
		};
/* End XCRemoteSwiftPackageReference section */

/* Begin XCSwiftPackageProductDependency section */
		C585ACAA2EA42E51005D022E /* FirebaseAnalytics */ = {
			isa = XCSwiftPackageProductDependency;
			package = C585ACA92EA42E51005D022E /* XCRemoteSwiftPackageReference "firebase-ios-sdk" */;
			productName = FirebaseAnalytics;
		};
		C585ACAC2EA42E51005D022E /* FirebaseAnalyticsCore */ = {
			isa = XCSwiftPackageProductDependency;
			package = C585ACA92EA42E51005D022E /* XCRemoteSwiftPackageReference "firebase-ios-sdk" */;
			productName = FirebaseAnalyticsCore;
		};
		C585ACAE2EA42E51005D022E /* FirebaseAuth */ = {
			isa = XCSwiftPackageProductDependency;
			package = C585ACA92EA42E51005D022E /* XCRemoteSwiftPackageReference "firebase-ios-sdk" */;
			productName = FirebaseAuth;
		};
		C585ACB02EA42E51005D022E /* FirebaseCore */ = {
			isa = XCSwiftPackageProductDependency;
			package = C585ACA92EA42E51005D022E /* XCRemoteSwiftPackageReference "firebase-ios-sdk" */;
			productName = FirebaseCore;
		};
		C585ACB22EA42E51005D022E /* FirebaseDatabase */ = {
			isa = XCSwiftPackageProductDependency;
			package = C585ACA92EA42E51005D022E /* XCRemoteSwiftPackageReference "firebase-ios-sdk" */;
			productName = FirebaseDatabase;
		};
/* End XCSwiftPackageProductDependency section */
	};
	rootObject = D95F36142EA3439300617AE2 /* Project object */;
}
